
Microsoft Visual Studio Solution File, Format Version 12.00
# Visual Studio Version 16
VisualStudioVersion = 16.0.30204.135
MinimumVisualStudioVersion = 10.0.40219.1
Project("{FAE04EC0-301F-11D3-BF4B-00C04F79EFBC}") = "CircusTrein", "CircusTrein\CircusTrein.csproj", "{339B7DC5-B38C-432C-9E87-51748DE59B66}"
EndProject
Project("{FAE04EC0-301F-11D3-BF4B-00C04F79EFBC}") = "CircustreinUnittests", "CircustreinUnittests\CircustreinUnittests.csproj", "{DADA0442-4F4D-4B24-94C5-9A4276293EB2}"
EndProject
Global
	GlobalSection(SolutionConfigurationPlatforms) = preSolution
		Debug|Any CPU = Debug|Any CPU
		Release|Any CPU = Release|Any CPU
	EndGlobalSection
	GlobalSection(ProjectConfigurationPlatforms) = postSolution
		{339B7DC5-B38C-432C-9E87-51748DE59B66}.Debug|Any CPU.ActiveCfg = Debug|Any CPU
		{339B7DC5-B38C-432C-9E87-51748DE59B66}.Debug|Any CPU.Build.0 = Debug|Any CPU
		{339B7DC5-B38C-432C-9E87-51748DE59B66}.Release|Any CPU.ActiveCfg = Release|Any CPU
		{339B7DC5-B38C-432C-9E87-51748DE59B66}.Release|Any CPU.Build.0 = Release|Any CPU
		{DADA0442-4F4D-4B24-94C5-9A4276293EB2}.Debug|Any CPU.ActiveCfg = Debug|Any CPU
		{DADA0442-4F4D-4B24-94C5-9A4276293EB2}.Debug|Any CPU.Build.0 = Debug|Any CPU
		{DADA0442-4F4D-4B24-94C5-9A4276293EB2}.Release|Any CPU.ActiveCfg = Release|Any CPU
		{DADA0442-4F4D-4B24-94C5-9A4276293EB2}.Release|Any CPU.Build.0 = Release|Any CPU
	EndGlobalSection
	GlobalSection(SolutionProperties) = preSolution
		HideSolutionNode = FALSE
	EndGlobalSection
	GlobalSection(ExtensibilityGlobals) = postSolution
		SolutionGuid = {6AF03FB8-5950-40DC-9482-E925DF7CD883}
	EndGlobalSection
EndGlobal
